
Microsoft Visual Studio Solution File, Format Version 12.00
# Visual Studio Version 17
VisualStudioVersion = 17.2.32526.322
MinimumVisualStudioVersion = 10.0.40219.1
Project("{FAE04EC0-301F-11D3-BF4B-00C04F79EFBC}") = "WebApplication1", "WebApplication1\WebApplication1.csproj", "{7485E5A5-6745-4961-9F25-C33E3C26271F}"
EndProject
Global
	GlobalSection(SolutionConfigurationPlatforms) = preSolution
		Debug|Any CPU = Debug|Any CPU
		Release|Any CPU = Release|Any CPU
	EndGlobalSection
	GlobalSection(ProjectConfigurationPlatforms) = postSolution
		{7485E5A5-6745-4961-9F25-C33E3C26271F}.Debug|Any CPU.ActiveCfg = Debug|Any CPU
		{7485E5A5-6745-4961-9F25-C33E3C26271F}.Debug|Any CPU.Build.0 = Debug|Any CPU
		{7485E5A5-6745-4961-9F25-C33E3C26271F}.Release|Any CPU.ActiveCfg = Release|Any CPU
		{7485E5A5-6745-4961-9F25-C33E3C26271F}.Release|Any CPU.Build.0 = Release|Any CPU
	EndGlobalSection
	GlobalSection(SolutionProperties) = preSolution
		HideSolutionNode = FALSE
	EndGlobalSection
	GlobalSection(ExtensibilityGlobals) = postSolution
		SolutionGuid = {CED4F76C-DFEE-4429-B143-2DA32EAA27FF}
	EndGlobalSection
EndGlobal
